<?xml version="1.0" encoding="utf-8"?>
<Project ToolsVersion="4.0" xmlns="http://schemas.microsoft.com/developer/msbuild/2003">
  <ItemGroup>
    <Filter Include="Windows">
      <UniqueIdentifier>{c63776bd-09ab-4cbe-bd9a-c8559f4450fe}</UniqueIdentifier>
    </Filter>
    <Filter Include="Windows\Resource">
      <UniqueIdentifier>{fcff4630-6fe6-4d57-b662-9ab16a33463d}</UniqueIdentifier>
    </Filter>
    <Filter Include="Windows\Header">
      <UniqueIdentifier>{853a5dd8-1d77-47e4-b6b2-2dd77b33ae4a}</UniqueIdentifier>
    </Filter>
    <Filter Include="Engine">
      <UniqueIdentifier>{50adf35e-a15c-458c-ae4c-9ee0e881ac6e}</UniqueIdentifier>
    </Filter>
    <Filter Include="Engine\High Level Interface">
      <UniqueIdentifier>{99bad486-19c9-4e72-aa4f-40c2c091e813}</UniqueIdentifier>
    </Filter>
    <Filter Include="Engine\Entity">
      <UniqueIdentifier>{b9a2770a-132a-4117-b4a2-1310a399d7eb}</UniqueIdentifier>
    </Filter>
    <Filter Include="Engine\Layer">
      <UniqueIdentifier>{9c67cf4e-9bec-43e5-9da1-294e2cda3845}</UniqueIdentifier>
    </Filter>
    <Filter Include="Engine\Text">
      <UniqueIdentifier>{de891b89-0b10-4e66-8d20-9efd13aff462}</UniqueIdentifier>
    </Filter>
    <Filter Include="Engine\Resource">
      <UniqueIdentifier>{78c02d0f-66cc-4c89-8dce-a244a9baabeb}</UniqueIdentifier>
    </Filter>
    <Filter Include="Engine\Resource\Texture">
      <UniqueIdentifier>{14819614-8512-4795-8d5f-39f8bc12f3e6}</UniqueIdentifier>
    </Filter>
    <Filter Include="Engine\Camera">
      <UniqueIdentifier>{a11edceb-3486-4a63-9f08-fda430d8cffd}</UniqueIdentifier>
    </Filter>
    <Filter Include="Engine\Resource\Animation">
      <UniqueIdentifier>{eb63946b-f230-4b99-a4fd-0c4451414f26}</UniqueIdentifier>
    </Filter>
    <Filter Include="Engine\Manageres">
      <UniqueIdentifier>{5d18e2d9-fd72-466c-a312-da75e5789e8e}</UniqueIdentifier>
    </Filter>
    <Filter Include="Engine\Manageres\CollisionManager">
      <UniqueIdentifier>{13ed243a-bcb8-44f0-baaa-d2b1d2b84aa5}</UniqueIdentifier>
    </Filter>
    <Filter Include="Engine\Manageres\ResourceManager">
      <UniqueIdentifier>{682e9c55-5a0d-4464-83d1-c399eaaab79b}</UniqueIdentifier>
    </Filter>
    <Filter Include="Engine\Manageres\SceneManager">
      <UniqueIdentifier>{b4630904-e475-451a-9766-922eaa4d9535}</UniqueIdentifier>
    </Filter>
    <Filter Include="Engine\Component">
      <UniqueIdentifier>{1696bf8b-48e0-46ad-be0f-705b9c22f38d}</UniqueIdentifier>
    </Filter>
    <Filter Include="Engine\Component\Transform">
      <UniqueIdentifier>{3d2cee4e-a9f9-40b5-bf8f-c270d63cf846}</UniqueIdentifier>
    </Filter>
    <Filter Include="Engine\Component\SpriteRenderer">
      <UniqueIdentifier>{c40ff288-dfd6-4667-bddf-bf70609e0f8b}</UniqueIdentifier>
    </Filter>
    <Filter Include="Engine\Component\Animator">
      <UniqueIdentifier>{2dcceb9b-5ba6-4e87-864e-2ae73fb3cb2d}</UniqueIdentifier>
    </Filter>
    <Filter Include="Engine\Component\RigidBody">
      <UniqueIdentifier>{07105988-c6b1-48d9-93c8-e77347b9385f}</UniqueIdentifier>
    </Filter>
    <Filter Include="Engine\Component\Collider">
      <UniqueIdentifier>{e45ccba8-abf2-4b08-82dd-a6810098cc2c}</UniqueIdentifier>
    </Filter>
    <Filter Include="Contents">
      <UniqueIdentifier>{7272b3a5-1ac6-44d6-8316-1bd44996c9ed}</UniqueIdentifier>
    </Filter>
    <Filter Include="Contents\GameObject">
      <UniqueIdentifier>{8dfe20e8-6500-4376-9a0f-c3647c241dfd}</UniqueIdentifier>
    </Filter>
    <Filter Include="Contents\GameObject\Player">
      <UniqueIdentifier>{68f78163-9daa-4254-83d8-e072e1982d48}</UniqueIdentifier>
    </Filter>
    <Filter Include="Contents\GameObject\Monster">
      <UniqueIdentifier>{1db6d631-f623-4815-9f94-32cb4e4856a8}</UniqueIdentifier>
    </Filter>
    <Filter Include="Contents\GameObject\Monster\CarleonRecruit">
      <UniqueIdentifier>{61b154b0-1ed0-4502-ad32-34dbfdd91a54}</UniqueIdentifier>
    </Filter>
    <Filter Include="Contents\GameObject\BackGround">
      <UniqueIdentifier>{dea90588-292f-4fa4-ac3e-e3a3d7107f92}</UniqueIdentifier>
    </Filter>
    <Filter Include="Contents\GameObject\NPC">
      <UniqueIdentifier>{a7f9f117-0398-448c-bd6a-19aa3605934e}</UniqueIdentifier>
    </Filter>
    <Filter Include="Contents\GameObject\NPC\TiedSkul">
      <UniqueIdentifier>{a6f4158f-8aa9-44e7-a2fb-48dffa54a379}</UniqueIdentifier>
    </Filter>
    <Filter Include="Contents\GameObject\Floor">
      <UniqueIdentifier>{bab4dd4e-1fdd-4ed0-ace5-6c79b7aee92c}</UniqueIdentifier>
    </Filter>
    <Filter Include="Contents\GameObject\Range">
      <UniqueIdentifier>{83111f78-0987-4cae-94bc-f3270244bb15}</UniqueIdentifier>
    </Filter>
    <Filter Include="Contents\GameObject\Range\PlayerAttack">
      <UniqueIdentifier>{6fae6264-ebd5-4f84-84e5-809f429b9650}</UniqueIdentifier>
    </Filter>
    <Filter Include="Contents\GameObject\Range\MonsterAttack">
      <UniqueIdentifier>{52623c53-dc6e-48cc-8bb2-97e320e1a8b7}</UniqueIdentifier>
    </Filter>
    <Filter Include="Contents\GameObject\Range\MonsterTrace">
      <UniqueIdentifier>{c326fd74-aa3a-4885-8b1d-7d2b9b17b3fe}</UniqueIdentifier>
    </Filter>
    <Filter Include="Contents\GameObject\Door">
      <UniqueIdentifier>{9f53c50c-41c2-4270-b9bc-c0eb4d60a2f9}</UniqueIdentifier>
    </Filter>
    <Filter Include="Contents\Scene">
      <UniqueIdentifier>{fd689c1f-5da2-4915-997c-5e3ac969f98b}</UniqueIdentifier>
    </Filter>
    <Filter Include="Common">
      <UniqueIdentifier>{e27cd02d-1ae3-4b5f-b8cd-23e4856c5cdf}</UniqueIdentifier>
    </Filter>
    <Filter Include="Common\Math">
      <UniqueIdentifier>{39ba33fc-4282-4caf-a93d-c4769c2648ab}</UniqueIdentifier>
    </Filter>
    <Filter Include="Common\Input">
      <UniqueIdentifier>{10406b7b-54b6-489f-8ca1-7630ff4e3868}</UniqueIdentifier>
    </Filter>
    <Filter Include="Common\Time">
      <UniqueIdentifier>{2ae244e4-202b-428f-ae29-873a75c7a43c}</UniqueIdentifier>
    </Filter>
    <Filter Include="Contents\GameObject\NPC\Witch">
      <UniqueIdentifier>{f8121bdb-33ba-4efc-ab49-4ebe2c71744b}</UniqueIdentifier>
    </Filter>
    <Filter Include="Contents\GameObject\NPC\DeathKnight">
      <UniqueIdentifier>{fd90aa1c-e6f8-4f65-b30b-86f1926953b6}</UniqueIdentifier>
    </Filter>
    <Filter Include="Contents\GameObject\NPC\Druid">
      <UniqueIdentifier>{a4cdf1ea-fb2f-41f7-9d44-43697e5fa59e}</UniqueIdentifier>
    </Filter>
    <Filter Include="Contents\GameObject\NPC\FoxHunter">
      <UniqueIdentifier>{9c462649-bd9b-4bd6-8118-4d94de30342e}</UniqueIdentifier>
    </Filter>
    <Filter Include="Contents\GameObject\NPC\Orge">
      <UniqueIdentifier>{2078aa5d-8e16-414f-aae2-2aa2dae590f6}</UniqueIdentifier>
    </Filter>
    <Filter Include="Contents\GameObject\Wall">
      <UniqueIdentifier>{2da670f6-0731-4eb3-9553-058325b8fcd1}</UniqueIdentifier>
    </Filter>
    <Filter Include="Contents\GameObject\NPC\Cat_Seol">
      <UniqueIdentifier>{43ab314a-b4e9-4590-b4d5-680d93e7c3cf}</UniqueIdentifier>
    </Filter>
    <Filter Include="Contents\Scene\00_Test">
      <UniqueIdentifier>{4fd0cc2b-bd6e-4560-9c98-e6ef0a2b4823}</UniqueIdentifier>
    </Filter>
    <Filter Include="Contents\Scene\00_Title">
      <UniqueIdentifier>{82cc8e68-b8bc-436b-808b-0b19e1d2d56a}</UniqueIdentifier>
    </Filter>
    <Filter Include="Contents\Scene\01_Loading">
      <UniqueIdentifier>{ea67622b-c8b5-4e4f-92fd-30a44e2008f3}</UniqueIdentifier>
    </Filter>
    <Filter Include="Contents\Scene\02_Home">
      <UniqueIdentifier>{b731d65a-5447-4f46-bec0-5999dbf09290}</UniqueIdentifier>
    </Filter>
    <Filter Include="Contents\Scene\03_Stage1_Enter">
      <UniqueIdentifier>{e4a46058-1260-4017-b0bc-52c13c91775f}</UniqueIdentifier>
    </Filter>
    <Filter Include="Contents\Scene\04_Stage1_Monster_1">
      <UniqueIdentifier>{8b231028-7b49-4121-a078-939854538acf}</UniqueIdentifier>
    </Filter>
    <Filter Include="Contents\Scene\07_Stage1_Boss_Enter">
      <UniqueIdentifier>{b4228a39-51b2-4ea6-b90b-fe97d51ce01b}</UniqueIdentifier>
    </Filter>
    <Filter Include="Contents\Scene\08_Stage1_Boss">
      <UniqueIdentifier>{4592f89e-6bf1-4b28-a8b8-2448158f9f64}</UniqueIdentifier>
    </Filter>
    <Filter Include="Contents\Scene\05_Stage1_Monster_2">
      <UniqueIdentifier>{c5ffb54f-e3d2-491a-8607-e4e01ca63f44}</UniqueIdentifier>
    </Filter>
    <Filter Include="Contents\Scene\06_Stage1_Middle_Boss">
      <UniqueIdentifier>{a0722bb1-0235-4c1c-9131-fcf411cca3ca}</UniqueIdentifier>
    </Filter>
    <Filter Include="Contents\GameObject\Gold">
      <UniqueIdentifier>{fd78fcc6-4ef3-4368-879e-e3b05c3fe3e3}</UniqueIdentifier>
    </Filter>
    <Filter Include="Contents\GameObject\Monster\Ent">
      <UniqueIdentifier>{47a72a9d-32b4-4573-bf1c-6a20977acdc7}</UniqueIdentifier>
    </Filter>
    <Filter Include="Contents\GameObject\Monster\ManAtArms">
      <UniqueIdentifier>{80371e7b-a073-4d76-aeec-3cf00aa41c8e}</UniqueIdentifier>
    </Filter>
    <Filter Include="Contents\GameObject\Skull">
      <UniqueIdentifier>{79ce7510-6269-4ab0-b75c-e3d57c8d80c0}</UniqueIdentifier>
    </Filter>
    <Filter Include="Contents\GameObject\Monster\Trap">
      <UniqueIdentifier>{40dc929c-164b-45be-bf79-5a62fe891d44}</UniqueIdentifier>
    </Filter>
    <Filter Include="Contents\GameObject\Boss">
      <UniqueIdentifier>{0cf2685d-0918-4692-8a83-d90cec74ce60}</UniqueIdentifier>
    </Filter>
    <Filter Include="Contents\GameObject\Boss\Warrior">
      <UniqueIdentifier>{e85168db-8144-4aad-9848-9c3c45a57b2b}</UniqueIdentifier>
    </Filter>
    <Filter Include="Contents\GameObject\Monster\GianticEnt">
      <UniqueIdentifier>{c92be955-3162-4f75-9c67-91020dd6a1b7}</UniqueIdentifier>
    </Filter>
    <Filter Include="Contents\GameObject\Boss\Mage">
      <UniqueIdentifier>{be4e3424-0649-4038-9068-dbc85fdfae22}</UniqueIdentifier>
    </Filter>
    <Filter Include="Contents\GameObject\Skill">
      <UniqueIdentifier>{40f80917-3a0c-41f1-b8a7-1784659b1ea6}</UniqueIdentifier>
    </Filter>
    <Filter Include="Contents\GameObject\Skill\Mage_RangeFire">
      <UniqueIdentifier>{dfdfb40e-2530-49a4-8580-469deda61aeb}</UniqueIdentifier>
    </Filter>
    <Filter Include="Contents\GameObject\Skill\Mage_FireBall">
      <UniqueIdentifier>{03b4857e-1844-4784-838a-9276f368206b}</UniqueIdentifier>
    </Filter>
    <Filter Include="Contents\GameObject\Skill\Mage_PhoenixLanding">
      <UniqueIdentifier>{1e3e2c92-9090-4a23-9678-2724271b356c}</UniqueIdentifier>
    </Filter>
    <Filter Include="Contents\GameObject\Boss\Yggdrasill">
      <UniqueIdentifier>{f30fbc6a-50aa-4774-a45e-ade5193af8cf}</UniqueIdentifier>
    </Filter>
    <Filter Include="Contents\GameObject\Boss\Yggdrasill\Body">
      <UniqueIdentifier>{85632925-f0fd-468e-9130-9e38aa93ce24}</UniqueIdentifier>
    </Filter>
    <Filter Include="Contents\GameObject\Boss\Yggdrasill\Hand">
      <UniqueIdentifier>{f5ce9939-b751-4478-8a14-4c7966c9e6b3}</UniqueIdentifier>
    </Filter>
    <Filter Include="Contents\GameObject\Boss\Yggdrasill\Head">
      <UniqueIdentifier>{a0072298-9485-41e1-8da6-80e091940307}</UniqueIdentifier>
    </Filter>
    <Filter Include="Contents\GameObject\Boss\Yggdrasill\Chin">
      <UniqueIdentifier>{c15c953e-cf3f-43e5-9e19-00c4f0e50e28}</UniqueIdentifier>
    </Filter>
    <Filter Include="Contents\GameObject\UI">
      <UniqueIdentifier>{83e03b51-424c-45b7-af9a-8c0ccef8c118}</UniqueIdentifier>
    </Filter>
    <Filter Include="Contents\GameObject\UI\PlayerFrame">
      <UniqueIdentifier>{71a9ab16-b06d-488f-8606-5ed5bb5e3de2}</UniqueIdentifier>
    </Filter>
    <Filter Include="Contents\GameObject\UI\HpBar">
      <UniqueIdentifier>{3a5aa937-5c9d-4d3a-b76d-55a6c33a0613}</UniqueIdentifier>
    </Filter>
    <Filter Include="Engine\Manageres\SoundManager">
      <UniqueIdentifier>{9e58d36a-ca1e-4e74-8124-a9ec0da50e7e}</UniqueIdentifier>
    </Filter>
    <Filter Include="Engine\Resource\Sound">
      <UniqueIdentifier>{40cef75c-0c9e-46f3-9089-a87422ae2d95}</UniqueIdentifier>
    </Filter>
    <Filter Include="Contents\Scene\09_Ending">
      <UniqueIdentifier>{e76b5cf9-1bf6-425d-a475-1ed461e45f86}</UniqueIdentifier>
    </Filter>
    <Filter Include="Contents\GameObject\UI\MageFrame">
      <UniqueIdentifier>{89794b86-7e1f-4d8f-88c7-857e4d1cf20d}</UniqueIdentifier>
    </Filter>
    <Filter Include="Contents\GameObject\Skill\Yggdrasill_EnergyBomb">
      <UniqueIdentifier>{7fb4d986-cfaf-4795-9761-eb0a6ef52634}</UniqueIdentifier>
    </Filter>
    <Filter Include="Contents\GameObject\Skill\Yggdrasill_EnergyBomb_Charge">
      <UniqueIdentifier>{17e01b0c-a531-4d2e-8c7b-4e0a235cf930}</UniqueIdentifier>
    </Filter>
    <Filter Include="Contents\GameObject\Skill\Mage_PhoenixLanding_Ready">
      <UniqueIdentifier>{d1beb01a-1b7b-4532-9196-2ffae6c39bb7}</UniqueIdentifier>
    </Filter>
    <Filter Include="Contents\GameObject\UI\HitSign">
      <UniqueIdentifier>{1794c167-928e-4d76-a0c5-9c45a1bce12a}</UniqueIdentifier>
    </Filter>
    <Filter Include="Contents\GameObject\UI\MageHpBar">
      <UniqueIdentifier>{b18b8461-fda7-4604-b81a-ba33b11164ea}</UniqueIdentifier>
    </Filter>
    <Filter Include="Contents\GameObject\UI\YggdrasillHpBar">
      <UniqueIdentifier>{399b059b-f5fe-41b4-a1ae-98b9df801629}</UniqueIdentifier>
    </Filter>
    <Filter Include="Contents\GameObject\UI\YggdrasillFrame">
      <UniqueIdentifier>{0c44be9a-2d63-4bef-83b3-f234d28ab5a6}</UniqueIdentifier>
    </Filter>
    <Filter Include="Contents\GameObject\Skill\Mage_FinishMove_Ready">
      <UniqueIdentifier>{89da3876-96a5-4731-8947-4f6ceb5c36c1}</UniqueIdentifier>
    </Filter>
    <Filter Include="Contents\GameObject\Skill\Mage_WorldOnFire_Orb">
      <UniqueIdentifier>{89033416-0a12-4a00-bd06-60504aee54a8}</UniqueIdentifier>
    </Filter>
    <Filter Include="Contents\GameObject\Skill\Mage_WorldOnFire_Gen">
      <UniqueIdentifier>{24a434db-9a29-46be-a5ee-6bfbf2f35f29}</UniqueIdentifier>
    </Filter>
    <Filter Include="Contents\GameObject\Skill\Mage_WorldOnFire_FireBall">
      <UniqueIdentifier>{023f35b4-474b-4b48-9e25-5d592f3a8106}</UniqueIdentifier>
    </Filter>
    <Filter Include="Contents\GameObject\Skill\Mage_WorldOnFire_FireBall_Shoot">
      <UniqueIdentifier>{6d7aa214-908a-43bf-a310-556cb791e489}</UniqueIdentifier>
    </Filter>
    <Filter Include="Contents\GameObject\Skill\Mage_Explosion_Effect">
      <UniqueIdentifier>{5e17c80d-1e9e-40b5-8a37-b742d9092588}</UniqueIdentifier>
    </Filter>
    <Filter Include="Contents\GameObject\Skill\Yggdrasill_FistSlam_Effect">
      <UniqueIdentifier>{1261abb1-4101-40ca-ab1c-66fb2a835c1f}</UniqueIdentifier>
    </Filter>
    <Filter Include="Contents\GameObject\Skill\Yggdrasill_MagicOrb_Effect">
      <UniqueIdentifier>{7eb60905-b34b-45ab-8abf-210023109f67}</UniqueIdentifier>
    </Filter>
    <Filter Include="Contents\GameObject\Skill\Seol_Effect">
      <UniqueIdentifier>{12cdb92b-9c51-4b07-8ae6-9f6a9e228d05}</UniqueIdentifier>
    </Filter>
    <Filter Include="Contents\GameObject\Skill\Player_Dash_Smoke">
      <UniqueIdentifier>{6f431dc3-75f1-42c1-b4ba-e5e89c948869}</UniqueIdentifier>
    </Filter>
    <Filter Include="Contents\GameObject\Skill\Player_DoubleJump_Smoke">
      <UniqueIdentifier>{13674fc5-80fc-4c91-9a4a-a29e3b0a3a75}</UniqueIdentifier>
    </Filter>
  </ItemGroup>
  <ItemGroup>
    <ClInclude Include="Client.h">
      <Filter>Windows\Header</Filter>
    </ClInclude>
    <ClInclude Include="framework.h">
      <Filter>Windows\Header</Filter>
    </ClInclude>
    <ClInclude Include="Resource.h">
      <Filter>Windows\Header</Filter>
    </ClInclude>
    <ClInclude Include="targetver.h">
      <Filter>Windows\Header</Filter>
    </ClInclude>
    <ClInclude Include="CommonInclude.h">
      <Filter>Common</Filter>
    </ClInclude>
    <ClInclude Include="vanApplication.h">
      <Filter>Engine\High Level Interface</Filter>
    </ClInclude>
    <ClInclude Include="vanInput.h">
      <Filter>Common\Input</Filter>
    </ClInclude>
    <ClInclude Include="vanTime.h">
      <Filter>Common\Time</Filter>
    </ClInclude>
    <ClInclude Include="vanEntity.h">
      <Filter>Engine\Entity</Filter>
    </ClInclude>
    <ClInclude Include="vanLayer.h">
      <Filter>Engine\Layer</Filter>
    </ClInclude>
    <ClInclude Include="vanScene.h">
      <Filter>Contents\Scene</Filter>
    </ClInclude>
    <ClInclude Include="vanGameObject.h">
      <Filter>Contents\GameObject</Filter>
    </ClInclude>
    <ClInclude Include="vanComponent.h">
      <Filter>Engine\Component</Filter>
    </ClInclude>
    <ClInclude Include="vanSpriteRenderer.h">
      <Filter>Engine\Component\SpriteRenderer</Filter>
    </ClInclude>
    <ClInclude Include="vanTransform.h">
      <Filter>Engine\Component\Transform</Filter>
    </ClInclude>
    <ClInclude Include="vanPlayer.h">
      <Filter>Contents\GameObject\Player</Filter>
    </ClInclude>
    <ClInclude Include="vanTitleScene.h">
      <Filter>Contents\Scene\00_Title</Filter>
    </ClInclude>
    <ClInclude Include="vanObject.h">
      <Filter>Common</Filter>
    </ClInclude>
    <ClInclude Include="vanSceneManager.h">
      <Filter>Engine\Manageres\SceneManager</Filter>
    </ClInclude>
    <ClInclude Include="vanTestScene.h">
      <Filter>Contents\Scene\00_Test</Filter>
    </ClInclude>
    <ClInclude Include="vanStage1BossScene.h">
      <Filter>Contents\Scene\08_Stage1_Boss</Filter>
    </ClInclude>
    <ClInclude Include="vanMonster.h">
      <Filter>Contents\GameObject\Monster</Filter>
    </ClInclude>
    <ClInclude Include="vanText.h">
      <Filter>Engine\Text</Filter>
    </ClInclude>
    <ClInclude Include="vanResource.h">
      <Filter>Engine\Resource</Filter>
    </ClInclude>
    <ClInclude Include="vanResourceManager.h">
      <Filter>Engine\Manageres\ResourceManager</Filter>
    </ClInclude>
    <ClInclude Include="vanTexture.h">
      <Filter>Engine\Resource\Texture</Filter>
    </ClInclude>
    <ClInclude Include="vanBackGround.h">
      <Filter>Contents\GameObject\BackGround</Filter>
    </ClInclude>
    <ClInclude Include="vanMath.h">
      <Filter>Common\Math</Filter>
    </ClInclude>
    <ClInclude Include="vanCamera.h">
      <Filter>Engine\Camera</Filter>
    </ClInclude>
    <ClInclude Include="vanAnimator.h">
      <Filter>Engine\Component\Animator</Filter>
    </ClInclude>
    <ClInclude Include="vanAnimation.h">
      <Filter>Engine\Resource\Animation</Filter>
    </ClInclude>
    <ClInclude Include="vanCarleonRecruit.h">
      <Filter>Contents\GameObject\Monster\CarleonRecruit</Filter>
    </ClInclude>
    <ClInclude Include="vanCollider.h">
      <Filter>Engine\Component\Collider</Filter>
    </ClInclude>
    <ClInclude Include="vanCollisionManager.h">
      <Filter>Engine\Manageres\CollisionManager</Filter>
    </ClInclude>
    <ClInclude Include="vanNPC.h">
      <Filter>Contents\GameObject\NPC</Filter>
    </ClInclude>
    <ClInclude Include="vanTiedSkul.h">
      <Filter>Contents\GameObject\NPC\TiedSkul</Filter>
    </ClInclude>
    <ClInclude Include="vanRigidBody.h">
      <Filter>Engine\Component\RigidBody</Filter>
    </ClInclude>
    <ClInclude Include="vanFloor.h">
      <Filter>Contents\GameObject\Floor</Filter>
    </ClInclude>
    <ClInclude Include="vanLoadingScene.h">
      <Filter>Contents\Scene\01_Loading</Filter>
    </ClInclude>
    <ClInclude Include="vanRange.h">
      <Filter>Contents\GameObject\Range</Filter>
    </ClInclude>
    <ClInclude Include="vanPlayerAttack.h">
      <Filter>Contents\GameObject\Range\PlayerAttack</Filter>
    </ClInclude>
    <ClInclude Include="vanMonsterTrace.h">
      <Filter>Contents\GameObject\Range\MonsterTrace</Filter>
    </ClInclude>
    <ClInclude Include="vanMonsterAttack.h">
      <Filter>Contents\GameObject\Range\MonsterAttack</Filter>
    </ClInclude>
    <ClInclude Include="vanStage1EnterScene.h">
      <Filter>Contents\Scene\03_Stage1_Enter</Filter>
    </ClInclude>
    <ClInclude Include="vanHomeScene.h">
      <Filter>Contents\Scene\02_Home</Filter>
    </ClInclude>
    <ClInclude Include="vanStage1Monster1Scene.h">
      <Filter>Contents\Scene\04_Stage1_Monster_1</Filter>
    </ClInclude>
    <ClInclude Include="vanStage1BossEnterScene.h">
      <Filter>Contents\Scene\07_Stage1_Boss_Enter</Filter>
    </ClInclude>
    <ClInclude Include="vanStage1Monster2Scene.h">
      <Filter>Contents\Scene\05_Stage1_Monster_2</Filter>
    </ClInclude>
    <ClInclude Include="vanEndingScene.h">
      <Filter>Contents\Scene\09_Ending</Filter>
    </ClInclude>
    <ClInclude Include="vanStage1MiddleBossScene.h">
      <Filter>Contents\Scene\06_Stage1_Middle_Boss</Filter>
    </ClInclude>
    <ClInclude Include="vanDoor.h">
      <Filter>Contents\GameObject\Door</Filter>
    </ClInclude>
    <ClInclude Include="vanWitch.h">
      <Filter>Contents\GameObject\NPC\Witch</Filter>
    </ClInclude>
    <ClInclude Include="vanDeathKnight.h">
      <Filter>Contents\GameObject\NPC\DeathKnight</Filter>
    </ClInclude>
    <ClInclude Include="vanDruid.h">
      <Filter>Contents\GameObject\NPC\Druid</Filter>
    </ClInclude>
    <ClInclude Include="vanFoxHunter.h">
      <Filter>Contents\GameObject\NPC\FoxHunter</Filter>
    </ClInclude>
    <ClInclude Include="vanOrge.h">
      <Filter>Contents\GameObject\NPC\Orge</Filter>
    </ClInclude>
    <ClInclude Include="vanWall.h">
      <Filter>Contents\GameObject\Wall</Filter>
    </ClInclude>
    <ClInclude Include="vanTrap.h">
      <Filter>Contents\GameObject\Monster\Trap</Filter>
    </ClInclude>
    <ClInclude Include="vanCatSeol.h">
      <Filter>Contents\GameObject\NPC\Cat_Seol</Filter>
    </ClInclude>
    <ClInclude Include="vanGold.h">
      <Filter>Contents\GameObject\Gold</Filter>
    </ClInclude>
    <ClInclude Include="vanEnt.h">
      <Filter>Contents\GameObject\Monster\Ent</Filter>
    </ClInclude>
    <ClInclude Include="vanManAtArms.h">
      <Filter>Contents\GameObject\Monster\ManAtArms</Filter>
    </ClInclude>
    <ClInclude Include="vanSkull.h">
      <Filter>Contents\GameObject\Skull</Filter>
    </ClInclude>
    <ClInclude Include="vanBoss.h">
      <Filter>Contents\GameObject\Boss</Filter>
    </ClInclude>
    <ClInclude Include="vanGianticEnt.h">
      <Filter>Contents\GameObject\Monster\GianticEnt</Filter>
    </ClInclude>
    <ClInclude Include="vanYggdrasill.h">
      <Filter>Contents\GameObject\Boss\Yggdrasill</Filter>
    </ClInclude>
    <ClInclude Include="vanWarrior.h">
      <Filter>Contents\GameObject\Boss\Warrior</Filter>
    </ClInclude>
    <ClInclude Include="vanYggdrasillBody.h">
      <Filter>Contents\GameObject\Boss\Yggdrasill\Body</Filter>
    </ClInclude>
    <ClInclude Include="vanYggdrasillHand.h">
      <Filter>Contents\GameObject\Boss\Yggdrasill\Hand</Filter>
    </ClInclude>
    <ClInclude Include="vanYggdrasillHead.h">
      <Filter>Contents\GameObject\Boss\Yggdrasill\Head</Filter>
    </ClInclude>
    <ClInclude Include="vanYggdrasillChin.h">
      <Filter>Contents\GameObject\Boss\Yggdrasill\Chin</Filter>
    </ClInclude>
    <ClInclude Include="vanMage.h">
      <Filter>Contents\GameObject\Boss\Mage</Filter>
    </ClInclude>
    <ClInclude Include="vanSkill.h">
      <Filter>Contents\GameObject\Skill</Filter>
    </ClInclude>
    <ClInclude Include="vanRangeFire.h">
      <Filter>Contents\GameObject\Skill\Mage_RangeFire</Filter>
    </ClInclude>
    <ClInclude Include="vanFireBall.h">
      <Filter>Contents\GameObject\Skill\Mage_FireBall</Filter>
    </ClInclude>
    <ClInclude Include="vanPhoenixLanding.h">
      <Filter>Contents\GameObject\Skill\Mage_PhoenixLanding</Filter>
    </ClInclude>
    <ClInclude Include="vanUI.h">
      <Filter>Contents\GameObject\UI</Filter>
    </ClInclude>
    <ClInclude Include="vanPlayerFrame.h">
      <Filter>Contents\GameObject\UI\PlayerFrame</Filter>
    </ClInclude>
    <ClInclude Include="vanHpBar.h">
      <Filter>Contents\GameObject\UI\HpBar</Filter>
    </ClInclude>
    <ClInclude Include="vanSound.h">
      <Filter>Engine\Resource\Sound</Filter>
    </ClInclude>
    <ClInclude Include="vanSoundManager.h">
      <Filter>Engine\Manageres\SoundManager</Filter>
    </ClInclude>
    <ClInclude Include="vanMageFrame.h">
      <Filter>Contents\GameObject\UI\MageFrame</Filter>
    </ClInclude>
    <ClInclude Include="vanEnergyBomb.h">
      <Filter>Contents\GameObject\Skill\Yggdrasill_EnergyBomb</Filter>
    </ClInclude>
    <ClInclude Include="vanEnergyBombCharge.h">
      <Filter>Contents\GameObject\Skill\Yggdrasill_EnergyBomb_Charge</Filter>
    </ClInclude>
    <ClInclude Include="vanPhoenixRandingReady.h">
      <Filter>Contents\GameObject\Skill\Mage_PhoenixLanding_Ready</Filter>
    </ClInclude>
    <ClInclude Include="vanHitSign.h">
      <Filter>Contents\GameObject\UI\HitSign</Filter>
    </ClInclude>
    <ClInclude Include="vanMageHpBar.h">
      <Filter>Contents\GameObject\UI\MageHpBar</Filter>
    </ClInclude>
    <ClInclude Include="vanYggdrasillFrame.h">
      <Filter>Contents\GameObject\UI\YggdrasillFrame</Filter>
    </ClInclude>
    <ClInclude Include="vanYggdrasillHpBar.h">
      <Filter>Contents\GameObject\UI\YggdrasillHpBar</Filter>
    </ClInclude>
    <ClInclude Include="vanFinishMoveReady.h">
      <Filter>Contents\GameObject\Skill\Mage_FinishMove_Ready</Filter>
    </ClInclude>
    <ClInclude Include="vanWorldOnFireOrb.h">
      <Filter>Contents\GameObject\Skill\Mage_WorldOnFire_Orb</Filter>
    </ClInclude>
    <ClInclude Include="vanWorldOnFireGen.h">
      <Filter>Contents\GameObject\Skill\Mage_WorldOnFire_Gen</Filter>
    </ClInclude>
    <ClInclude Include="vanWorldOnFireFireBall.h">
      <Filter>Contents\GameObject\Skill\Mage_WorldOnFire_FireBall</Filter>
    </ClInclude>
    <ClInclude Include="vanWorldOnFireShootEffect.h">
      <Filter>Contents\GameObject\Skill\Mage_WorldOnFire_FireBall_Shoot</Filter>
    </ClInclude>
    <ClInclude Include="vanExplosionEffect.h">
      <Filter>Contents\GameObject\Skill\Mage_Explosion_Effect</Filter>
    </ClInclude>
    <ClInclude Include="vanFistSlamEffect.h">
      <Filter>Contents\GameObject\Skill\Yggdrasill_FistSlam_Effect</Filter>
    </ClInclude>
    <ClInclude Include="vanMagicOrbEffect.h">
      <Filter>Contents\GameObject\Skill\Yggdrasill_MagicOrb_Effect</Filter>
    </ClInclude>
    <ClInclude Include="vanSeolEffect.h">
      <Filter>Contents\GameObject\Skill\Seol_Effect</Filter>
    </ClInclude>
    <ClInclude Include="vanDashSmoke.h">
      <Filter>Contents\GameObject\Skill\Player_Dash_Smoke</Filter>
    </ClInclude>
    <ClInclude Include="vanDoubleJumpSmoke.h">
      <Filter>Contents\GameObject\Skill\Player_DoubleJump_Smoke</Filter>
    </ClInclude>
  </ItemGroup>
  <ItemGroup>
    <Image Include="Client.ico">
      <Filter>Windows\Resource</Filter>
    </Image>
    <Image Include="small.ico">
      <Filter>Windows\Resource</Filter>
    </Image>
  </ItemGroup>
  <ItemGroup>
    <ResourceCompile Include="Client.rc">
      <Filter>Windows\Resource</Filter>
    </ResourceCompile>
  </ItemGroup>
  <ItemGroup>
    <ClCompile Include="Client.cpp" />
    <ClCompile Include="vanApplication.cpp">
      <Filter>Engine\High Level Interface</Filter>
    </ClCompile>
    <ClCompile Include="vanInput.cpp">
      <Filter>Common\Input</Filter>
    </ClCompile>
    <ClCompile Include="vanTime.cpp">
      <Filter>Common\Time</Filter>
    </ClCompile>
    <ClCompile Include="vanEntity.cpp">
      <Filter>Engine\Entity</Filter>
    </ClCompile>
    <ClCompile Include="vanLayer.cpp">
      <Filter>Engine\Layer</Filter>
    </ClCompile>
    <ClCompile Include="vanScene.cpp">
      <Filter>Contents\Scene</Filter>
    </ClCompile>
    <ClCompile Include="vanGameObject.cpp">
      <Filter>Contents\GameObject</Filter>
    </ClCompile>
    <ClCompile Include="vanComponent.cpp">
      <Filter>Engine\Component</Filter>
    </ClCompile>
    <ClCompile Include="vanSpriteRenderer.cpp">
      <Filter>Engine\Component\SpriteRenderer</Filter>
    </ClCompile>
    <ClCompile Include="vanTransform.cpp">
      <Filter>Engine\Component\Transform</Filter>
    </ClCompile>
    <ClCompile Include="vanPlayer.cpp">
      <Filter>Contents\GameObject\Player</Filter>
    </ClCompile>
    <ClCompile Include="vanTitleScene.cpp">
      <Filter>Contents\Scene\00_Title</Filter>
    </ClCompile>
    <ClCompile Include="vanSceneManager.cpp">
      <Filter>Engine\Manageres\SceneManager</Filter>
    </ClCompile>
    <ClCompile Include="vanTestScene.cpp">
      <Filter>Contents\Scene\00_Test</Filter>
    </ClCompile>
    <ClCompile Include="vanStage1BossScene.cpp">
      <Filter>Contents\Scene\08_Stage1_Boss</Filter>
    </ClCompile>
    <ClCompile Include="vanMonster.cpp">
      <Filter>Contents\GameObject\Monster</Filter>
    </ClCompile>
    <ClCompile Include="vanText.cpp">
      <Filter>Engine\Text</Filter>
    </ClCompile>
    <ClCompile Include="vanResource.cpp">
      <Filter>Engine\Resource</Filter>
    </ClCompile>
    <ClCompile Include="vanResourceManager.cpp">
      <Filter>Engine\Manageres\ResourceManager</Filter>
    </ClCompile>
    <ClCompile Include="vanTexture.cpp">
      <Filter>Engine\Resource\Texture</Filter>
    </ClCompile>
    <ClCompile Include="vanBackGround.cpp">
      <Filter>Contents\GameObject\BackGround</Filter>
    </ClCompile>
    <ClCompile Include="vanMath.cpp">
      <Filter>Common\Math</Filter>
    </ClCompile>
    <ClCompile Include="vanCamera.cpp">
      <Filter>Engine\Camera</Filter>
    </ClCompile>
    <ClCompile Include="vanAnimator.cpp">
      <Filter>Engine\Component\Animator</Filter>
    </ClCompile>
    <ClCompile Include="vanAnimation.cpp">
      <Filter>Engine\Resource\Animation</Filter>
    </ClCompile>
    <ClCompile Include="vanCarleonRecruit.cpp">
      <Filter>Contents\GameObject\Monster\CarleonRecruit</Filter>
    </ClCompile>
    <ClCompile Include="vanCollider.cpp">
      <Filter>Engine\Component\Collider</Filter>
    </ClCompile>
    <ClCompile Include="vanCollisionManager.cpp">
      <Filter>Engine\Manageres\CollisionManager</Filter>
    </ClCompile>
    <ClCompile Include="vanNPC.cpp">
      <Filter>Contents\GameObject\NPC</Filter>
    </ClCompile>
    <ClCompile Include="vanTiedSkul.cpp">
      <Filter>Contents\GameObject\NPC\TiedSkul</Filter>
    </ClCompile>
    <ClCompile Include="vanRigidBody.cpp">
      <Filter>Engine\Component\RigidBody</Filter>
    </ClCompile>
    <ClCompile Include="vanFloor.cpp">
      <Filter>Contents\GameObject\Floor</Filter>
    </ClCompile>
    <ClCompile Include="vanLoadingScene.cpp">
      <Filter>Contents\Scene\01_Loading</Filter>
    </ClCompile>
    <ClCompile Include="vanRange.cpp">
      <Filter>Contents\GameObject\Range</Filter>
    </ClCompile>
    <ClCompile Include="vanPlayerAttack.cpp">
      <Filter>Contents\GameObject\Range\PlayerAttack</Filter>
    </ClCompile>
    <ClCompile Include="vanMonsterTrace.cpp">
      <Filter>Contents\GameObject\Range\MonsterTrace</Filter>
    </ClCompile>
    <ClCompile Include="vanMonsterAttack.cpp">
      <Filter>Contents\GameObject\Range\MonsterAttack</Filter>
    </ClCompile>
    <ClCompile Include="vanStage1EnterScene.cpp">
      <Filter>Contents\Scene\03_Stage1_Enter</Filter>
    </ClCompile>
    <ClCompile Include="vanHomeScene.cpp">
      <Filter>Contents\Scene\02_Home</Filter>
    </ClCompile>
    <ClCompile Include="vanStage1Monster1Scene.cpp">
      <Filter>Contents\Scene\04_Stage1_Monster_1</Filter>
    </ClCompile>
    <ClCompile Include="vanStage1BossEnterScene.cpp">
      <Filter>Contents\Scene\07_Stage1_Boss_Enter</Filter>
    </ClCompile>
    <ClCompile Include="vanStage1Monster2Scene.cpp">
      <Filter>Contents\Scene\05_Stage1_Monster_2</Filter>
    </ClCompile>
    <ClCompile Include="vanEndingScene.cpp">
      <Filter>Contents\Scene\09_Ending</Filter>
    </ClCompile>
    <ClCompile Include="vanStage1MiddleBossScene.cpp">
      <Filter>Contents\Scene\06_Stage1_Middle_Boss</Filter>
    </ClCompile>
    <ClCompile Include="vanDoor.cpp">
      <Filter>Contents\GameObject\Door</Filter>
    </ClCompile>
    <ClCompile Include="vanWitch.cpp">
      <Filter>Contents\GameObject\NPC\Witch</Filter>
    </ClCompile>
    <ClCompile Include="vanDeathKnight.cpp">
      <Filter>Contents\GameObject\NPC\DeathKnight</Filter>
    </ClCompile>
    <ClCompile Include="vanDruid.cpp">
      <Filter>Contents\GameObject\NPC\Druid</Filter>
    </ClCompile>
    <ClCompile Include="vanFoxHunter.cpp">
      <Filter>Contents\GameObject\NPC\FoxHunter</Filter>
    </ClCompile>
    <ClCompile Include="vanOrge.cpp">
      <Filter>Contents\GameObject\NPC\Orge</Filter>
    </ClCompile>
    <ClCompile Include="vanWall.cpp">
      <Filter>Contents\GameObject\Wall</Filter>
    </ClCompile>
    <ClCompile Include="vanTrap.cpp">
      <Filter>Contents\GameObject\Monster\Trap</Filter>
    </ClCompile>
    <ClCompile Include="vanCatSeol.cpp">
      <Filter>Contents\GameObject\NPC\Cat_Seol</Filter>
    </ClCompile>
    <ClCompile Include="vanGold.cpp">
      <Filter>Contents\GameObject\Gold</Filter>
    </ClCompile>
    <ClCompile Include="vanEnt.cpp">
      <Filter>Contents\GameObject\Monster\Ent</Filter>
    </ClCompile>
    <ClCompile Include="vanManAtArms.cpp">
      <Filter>Contents\GameObject\Monster\ManAtArms</Filter>
    </ClCompile>
    <ClCompile Include="vanSkull.cpp">
      <Filter>Contents\GameObject\Skull</Filter>
    </ClCompile>
    <ClCompile Include="vanBoss.cpp">
      <Filter>Contents\GameObject\Boss</Filter>
    </ClCompile>
    <ClCompile Include="vanGianticEnt.cpp">
      <Filter>Contents\GameObject\Monster\GianticEnt</Filter>
    </ClCompile>
    <ClCompile Include="vanYggdrasill.cpp">
      <Filter>Contents\GameObject\Boss\Yggdrasill</Filter>
    </ClCompile>
    <ClCompile Include="vanWarrior.cpp">
      <Filter>Contents\GameObject\Boss\Warrior</Filter>
    </ClCompile>
    <ClCompile Include="vanYggdrasillBody.cpp">
      <Filter>Contents\GameObject\Boss\Yggdrasill\Body</Filter>
    </ClCompile>
    <ClCompile Include="vanYggdrasillHand.cpp">
      <Filter>Contents\GameObject\Boss\Yggdrasill\Hand</Filter>
    </ClCompile>
    <ClCompile Include="vanYggdrasillHead.cpp">
      <Filter>Contents\GameObject\Boss\Yggdrasill\Head</Filter>
    </ClCompile>
    <ClCompile Include="vanYggdrasillChin.cpp">
      <Filter>Contents\GameObject\Boss\Yggdrasill\Chin</Filter>
    </ClCompile>
    <ClCompile Include="vanMage.cpp">
      <Filter>Contents\GameObject\Boss\Mage</Filter>
    </ClCompile>
    <ClCompile Include="vanSkill.cpp">
      <Filter>Contents\GameObject\Skill</Filter>
    </ClCompile>
    <ClCompile Include="vanRangeFire.cpp">
      <Filter>Contents\GameObject\Skill\Mage_RangeFire</Filter>
    </ClCompile>
    <ClCompile Include="vanFireBall.cpp">
      <Filter>Contents\GameObject\Skill\Mage_FireBall</Filter>
    </ClCompile>
    <ClCompile Include="vanPhoenixLanding.cpp">
      <Filter>Contents\GameObject\Skill\Mage_PhoenixLanding</Filter>
    </ClCompile>
    <ClCompile Include="vanUI.cpp">
      <Filter>Contents\GameObject\UI</Filter>
    </ClCompile>
    <ClCompile Include="vanPlayerFrame.cpp">
      <Filter>Contents\GameObject\UI\PlayerFrame</Filter>
    </ClCompile>
    <ClCompile Include="vanHpBar.cpp">
      <Filter>Contents\GameObject\UI\HpBar</Filter>
    </ClCompile>
    <ClCompile Include="vanSound.cpp">
      <Filter>Engine\Resource\Sound</Filter>
    </ClCompile>
    <ClCompile Include="vanSoundManager.cpp">
      <Filter>Engine\Manageres\SoundManager</Filter>
    </ClCompile>
    <ClCompile Include="vanMageFrame.cpp">
      <Filter>Contents\GameObject\UI\MageFrame</Filter>
    </ClCompile>
    <ClCompile Include="vanEnergyBomb.cpp">
      <Filter>Contents\GameObject\Skill\Yggdrasill_EnergyBomb</Filter>
    </ClCompile>
    <ClCompile Include="vanEnergyBombCharge.cpp">
      <Filter>Contents\GameObject\Skill\Yggdrasill_EnergyBomb_Charge</Filter>
    </ClCompile>
    <ClCompile Include="vanPhoenixRandingReady.cpp">
      <Filter>Contents\GameObject\Skill\Mage_PhoenixLanding_Ready</Filter>
    </ClCompile>
    <ClCompile Include="vanHitSign.cpp">
      <Filter>Contents\GameObject\UI\HitSign</Filter>
    </ClCompile>
    <ClCompile Include="vanMageHpBar.cpp">
      <Filter>Contents\GameObject\UI\MageHpBar</Filter>
    </ClCompile>
    <ClCompile Include="vanYggdrasillFrame.cpp">
      <Filter>Contents\GameObject\UI\YggdrasillFrame</Filter>
    </ClCompile>
    <ClCompile Include="vanYggdrasillHpBar.cpp">
      <Filter>Contents\GameObject\UI\YggdrasillHpBar</Filter>
    </ClCompile>
    <ClCompile Include="vanFinishMoveReady.cpp">
      <Filter>Contents\GameObject\Skill\Mage_FinishMove_Ready</Filter>
    </ClCompile>
    <ClCompile Include="vanWorldOnFireOrb.cpp">
      <Filter>Contents\GameObject\Skill\Mage_WorldOnFire_Orb</Filter>
    </ClCompile>
    <ClCompile Include="vanWorldOnFireGen.cpp">
      <Filter>Contents\GameObject\Skill\Mage_WorldOnFire_Gen</Filter>
    </ClCompile>
    <ClCompile Include="vanWorldOnFireFireBall.cpp">
      <Filter>Contents\GameObject\Skill\Mage_WorldOnFire_FireBall</Filter>
    </ClCompile>
    <ClCompile Include="vanWorldOnFireShootEffect.cpp">
      <Filter>Contents\GameObject\Skill\Mage_WorldOnFire_FireBall_Shoot</Filter>
    </ClCompile>
    <ClCompile Include="vanExplosionEffect.cpp">
      <Filter>Contents\GameObject\Skill\Mage_Explosion_Effect</Filter>
    </ClCompile>
    <ClCompile Include="vanFistSlamEffect.cpp">
      <Filter>Contents\GameObject\Skill\Yggdrasill_FistSlam_Effect</Filter>
    </ClCompile>
    <ClCompile Include="vanMagicOrbEffect.cpp">
      <Filter>Contents\GameObject\Skill\Yggdrasill_MagicOrb_Effect</Filter>
    </ClCompile>
    <ClCompile Include="vanSeolEffect.cpp">
      <Filter>Contents\GameObject\Skill\Seol_Effect</Filter>
    </ClCompile>
    <ClCompile Include="vanDashSmoke.cpp">
      <Filter>Contents\GameObject\Skill\Player_Dash_Smoke</Filter>
    </ClCompile>
    <ClCompile Include="vanDoubleJumpSmoke.cpp">
      <Filter>Contents\GameObject\Skill\Player_DoubleJump_Smoke</Filter>
    </ClCompile>
  </ItemGroup>
</Project>