<?xml version="1.0" encoding="utf-8"?>
<Project ToolsVersion="4.0" xmlns="http://schemas.microsoft.com/developer/msbuild/2003">
  <ItemGroup>
    <Filter Include="Windows">
      <UniqueIdentifier>{c63776bd-09ab-4cbe-bd9a-c8559f4450fe}</UniqueIdentifier>
    </Filter>
    <Filter Include="Windows\Resource">
      <UniqueIdentifier>{fcff4630-6fe6-4d57-b662-9ab16a33463d}</UniqueIdentifier>
    </Filter>
    <Filter Include="Windows\Header">
      <UniqueIdentifier>{853a5dd8-1d77-47e4-b6b2-2dd77b33ae4a}</UniqueIdentifier>
    </Filter>
    <Filter Include="Engine">
      <UniqueIdentifier>{50adf35e-a15c-458c-ae4c-9ee0e881ac6e}</UniqueIdentifier>
    </Filter>
    <Filter Include="Engine\Common">
      <UniqueIdentifier>{e27cd02d-1ae3-4b5f-b8cd-23e4856c5cdf}</UniqueIdentifier>
    </Filter>
    <Filter Include="Engine\High Level Interface">
      <UniqueIdentifier>{99bad486-19c9-4e72-aa4f-40c2c091e813}</UniqueIdentifier>
    </Filter>
    <Filter Include="Engine\Entity">
      <UniqueIdentifier>{b9a2770a-132a-4117-b4a2-1310a399d7eb}</UniqueIdentifier>
    </Filter>
    <Filter Include="Engine\Layer">
      <UniqueIdentifier>{9c67cf4e-9bec-43e5-9da1-294e2cda3845}</UniqueIdentifier>
    </Filter>
    <Filter Include="Engine\Component">
      <UniqueIdentifier>{1696bf8b-48e0-46ad-be0f-705b9c22f38d}</UniqueIdentifier>
    </Filter>
    <Filter Include="Engine\Component\Transform">
      <UniqueIdentifier>{3d2cee4e-a9f9-40b5-bf8f-c270d63cf846}</UniqueIdentifier>
    </Filter>
    <Filter Include="Engine\Component\SpriteRenderer">
      <UniqueIdentifier>{c40ff288-dfd6-4667-bddf-bf70609e0f8b}</UniqueIdentifier>
    </Filter>
    <Filter Include="Engine\Contents">
      <UniqueIdentifier>{7272b3a5-1ac6-44d6-8316-1bd44996c9ed}</UniqueIdentifier>
    </Filter>
    <Filter Include="Engine\Text">
      <UniqueIdentifier>{de891b89-0b10-4e66-8d20-9efd13aff462}</UniqueIdentifier>
    </Filter>
    <Filter Include="Engine\Resource">
      <UniqueIdentifier>{78c02d0f-66cc-4c89-8dce-a244a9baabeb}</UniqueIdentifier>
    </Filter>
    <Filter Include="Engine\Common\Math">
      <UniqueIdentifier>{39ba33fc-4282-4caf-a93d-c4769c2648ab}</UniqueIdentifier>
    </Filter>
    <Filter Include="Engine\Resource\Texture">
      <UniqueIdentifier>{14819614-8512-4795-8d5f-39f8bc12f3e6}</UniqueIdentifier>
    </Filter>
    <Filter Include="Engine\Camera">
      <UniqueIdentifier>{a11edceb-3486-4a63-9f08-fda430d8cffd}</UniqueIdentifier>
    </Filter>
    <Filter Include="Engine\Contents\GameObject">
      <UniqueIdentifier>{8dfe20e8-6500-4376-9a0f-c3647c241dfd}</UniqueIdentifier>
    </Filter>
    <Filter Include="Engine\Contents\GameObject\Player">
      <UniqueIdentifier>{68f78163-9daa-4254-83d8-e072e1982d48}</UniqueIdentifier>
    </Filter>
    <Filter Include="Engine\Contents\GameObject\Monster">
      <UniqueIdentifier>{1db6d631-f623-4815-9f94-32cb4e4856a8}</UniqueIdentifier>
    </Filter>
    <Filter Include="Engine\Contents\GameObject\BackGround">
      <UniqueIdentifier>{dea90588-292f-4fa4-ac3e-e3a3d7107f92}</UniqueIdentifier>
    </Filter>
    <Filter Include="Engine\Contents\Scene">
      <UniqueIdentifier>{fd689c1f-5da2-4915-997c-5e3ac969f98b}</UniqueIdentifier>
    </Filter>
    <Filter Include="Engine\Component\Animator">
      <UniqueIdentifier>{2dcceb9b-5ba6-4e87-864e-2ae73fb3cb2d}</UniqueIdentifier>
    </Filter>
    <Filter Include="Engine\Resource\Animation">
      <UniqueIdentifier>{eb63946b-f230-4b99-a4fd-0c4451414f26}</UniqueIdentifier>
    </Filter>
    <Filter Include="Engine\Contents\Scene\00_TitleScene">
      <UniqueIdentifier>{82cc8e68-b8bc-436b-808b-0b19e1d2d56a}</UniqueIdentifier>
    </Filter>
    <Filter Include="Engine\Contents\GameObject\Monster\Spearman">
      <UniqueIdentifier>{ff32ac6a-11b8-426e-a3f2-cda1b33f0da1}</UniqueIdentifier>
    </Filter>
    <Filter Include="Engine\Contents\GameObject\Monster\CarleonRecruit">
      <UniqueIdentifier>{61b154b0-1ed0-4502-ad32-34dbfdd91a54}</UniqueIdentifier>
    </Filter>
    <Filter Include="Engine\Common\Input">
      <UniqueIdentifier>{10406b7b-54b6-489f-8ca1-7630ff4e3868}</UniqueIdentifier>
    </Filter>
    <Filter Include="Engine\Manageres">
      <UniqueIdentifier>{5d18e2d9-fd72-466c-a312-da75e5789e8e}</UniqueIdentifier>
    </Filter>
    <Filter Include="Engine\Manageres\CollisionManager">
      <UniqueIdentifier>{13ed243a-bcb8-44f0-baaa-d2b1d2b84aa5}</UniqueIdentifier>
    </Filter>
    <Filter Include="Engine\Manageres\ResourceManager">
      <UniqueIdentifier>{682e9c55-5a0d-4464-83d1-c399eaaab79b}</UniqueIdentifier>
    </Filter>
    <Filter Include="Engine\Manageres\SceneManager">
      <UniqueIdentifier>{b4630904-e475-451a-9766-922eaa4d9535}</UniqueIdentifier>
    </Filter>
    <Filter Include="Engine\Common\Time">
      <UniqueIdentifier>{2ae244e4-202b-428f-ae29-873a75c7a43c}</UniqueIdentifier>
    </Filter>
    <Filter Include="Engine\Contents\GameObject\NPC">
      <UniqueIdentifier>{a7f9f117-0398-448c-bd6a-19aa3605934e}</UniqueIdentifier>
    </Filter>
    <Filter Include="Engine\Contents\GameObject\NPC\TiedSkul">
      <UniqueIdentifier>{a6f4158f-8aa9-44e7-a2fb-48dffa54a379}</UniqueIdentifier>
    </Filter>
    <Filter Include="Engine\Component\RigidBody">
      <UniqueIdentifier>{07105988-c6b1-48d9-93c8-e77347b9385f}</UniqueIdentifier>
    </Filter>
    <Filter Include="Engine\Contents\GameObject\Floor">
      <UniqueIdentifier>{bab4dd4e-1fdd-4ed0-ace5-6c79b7aee92c}</UniqueIdentifier>
    </Filter>
    <Filter Include="Engine\Component\Collider">
      <UniqueIdentifier>{e45ccba8-abf2-4b08-82dd-a6810098cc2c}</UniqueIdentifier>
    </Filter>
    <Filter Include="Engine\Contents\Scene\01_LoadingScene">
      <UniqueIdentifier>{ea67622b-c8b5-4e4f-92fd-30a44e2008f3}</UniqueIdentifier>
    </Filter>
    <Filter Include="Engine\Contents\Scene\02_HomeScene">
      <UniqueIdentifier>{b731d65a-5447-4f46-bec0-5999dbf09290}</UniqueIdentifier>
    </Filter>
    <Filter Include="Engine\Contents\Scene\03_StageScene">
      <UniqueIdentifier>{4fd0cc2b-bd6e-4560-9c98-e6ef0a2b4823}</UniqueIdentifier>
    </Filter>
    <Filter Include="Engine\Contents\Scene\04_EndingScene">
      <UniqueIdentifier>{4592f89e-6bf1-4b28-a8b8-2448158f9f64}</UniqueIdentifier>
    </Filter>
  </ItemGroup>
  <ItemGroup>
    <ClInclude Include="Client.h">
      <Filter>Windows\Header</Filter>
    </ClInclude>
    <ClInclude Include="framework.h">
      <Filter>Windows\Header</Filter>
    </ClInclude>
    <ClInclude Include="Resource.h">
      <Filter>Windows\Header</Filter>
    </ClInclude>
    <ClInclude Include="targetver.h">
      <Filter>Windows\Header</Filter>
    </ClInclude>
    <ClInclude Include="CommonInclude.h">
      <Filter>Engine\Common</Filter>
    </ClInclude>
    <ClInclude Include="vanApplication.h">
      <Filter>Engine\High Level Interface</Filter>
    </ClInclude>
    <ClInclude Include="vanInput.h">
      <Filter>Engine\Common\Input</Filter>
    </ClInclude>
    <ClInclude Include="vanTime.h">
      <Filter>Engine\Common\Time</Filter>
    </ClInclude>
    <ClInclude Include="vanEntity.h">
      <Filter>Engine\Entity</Filter>
    </ClInclude>
    <ClInclude Include="vanLayer.h">
      <Filter>Engine\Layer</Filter>
    </ClInclude>
    <ClInclude Include="vanScene.h">
      <Filter>Engine\Contents\Scene</Filter>
    </ClInclude>
    <ClInclude Include="vanGameObject.h">
      <Filter>Engine\Contents\GameObject</Filter>
    </ClInclude>
    <ClInclude Include="vanComponent.h">
      <Filter>Engine\Component</Filter>
    </ClInclude>
    <ClInclude Include="vanSpriteRenderer.h">
      <Filter>Engine\Component\SpriteRenderer</Filter>
    </ClInclude>
    <ClInclude Include="vanTransform.h">
      <Filter>Engine\Component\Transform</Filter>
    </ClInclude>
    <ClInclude Include="vanPlayer.h">
      <Filter>Engine\Contents\GameObject\Player</Filter>
    </ClInclude>
    <ClInclude Include="vanTitleScene.h">
      <Filter>Engine\Contents\Scene\00_TitleScene</Filter>
    </ClInclude>
    <ClInclude Include="vanObject.h">
      <Filter>Engine\Common</Filter>
    </ClInclude>
    <ClInclude Include="vanSceneManager.h">
      <Filter>Engine\Manageres\SceneManager</Filter>
    </ClInclude>
    <ClInclude Include="vanStageScene.h">
      <Filter>Engine\Contents\Scene\03_StageScene</Filter>
    </ClInclude>
    <ClInclude Include="vanEndingScene.h">
      <Filter>Engine\Contents\Scene\04_EndingScene</Filter>
    </ClInclude>
    <ClInclude Include="vanMonster.h">
      <Filter>Engine\Contents\GameObject\Monster</Filter>
    </ClInclude>
    <ClInclude Include="vanText.h">
      <Filter>Engine\Text</Filter>
    </ClInclude>
    <ClInclude Include="vanHomeScene.h">
      <Filter>Engine\Contents\Scene\02_HomeScene</Filter>
    </ClInclude>
    <ClInclude Include="vanResource.h">
      <Filter>Engine\Resource</Filter>
    </ClInclude>
    <ClInclude Include="vanResourceManager.h">
      <Filter>Engine\Manageres\ResourceManager</Filter>
    </ClInclude>
    <ClInclude Include="vanTexture.h">
      <Filter>Engine\Resource\Texture</Filter>
    </ClInclude>
    <ClInclude Include="vanBackGround.h">
      <Filter>Engine\Contents\GameObject\BackGround</Filter>
    </ClInclude>
    <ClInclude Include="vanMath.h">
      <Filter>Engine\Common\Math</Filter>
    </ClInclude>
    <ClInclude Include="vanCamera.h">
      <Filter>Engine\Camera</Filter>
    </ClInclude>
    <ClInclude Include="vanAnimator.h">
      <Filter>Engine\Component\Animator</Filter>
    </ClInclude>
    <ClInclude Include="vanAnimation.h">
      <Filter>Engine\Resource\Animation</Filter>
    </ClInclude>
    <ClInclude Include="vanSpearman.h">
      <Filter>Engine\Contents\GameObject\Monster\Spearman</Filter>
    </ClInclude>
    <ClInclude Include="vanCarleonRecruit.h">
      <Filter>Engine\Contents\GameObject\Monster\CarleonRecruit</Filter>
    </ClInclude>
    <ClInclude Include="vanCollider.h">
      <Filter>Engine\Component\Collider</Filter>
    </ClInclude>
    <ClInclude Include="vanCollisionManager.h">
      <Filter>Engine\Manageres\CollisionManager</Filter>
    </ClInclude>
    <ClInclude Include="vanNPC.h">
      <Filter>Engine\Contents\GameObject\NPC</Filter>
    </ClInclude>
    <ClInclude Include="vanTiedSkul.h">
      <Filter>Engine\Contents\GameObject\NPC\TiedSkul</Filter>
    </ClInclude>
    <ClInclude Include="vanRigidBody.h">
      <Filter>Engine\Component\RigidBody</Filter>
    </ClInclude>
    <ClInclude Include="vanFloor.h">
      <Filter>Engine\Contents\GameObject\Floor</Filter>
    </ClInclude>
    <ClInclude Include="vanLoadingScene.h">
      <Filter>Engine\Contents\Scene\01_LoadingScene</Filter>
    </ClInclude>
  </ItemGroup>
  <ItemGroup>
    <Image Include="Client.ico">
      <Filter>Windows\Resource</Filter>
    </Image>
    <Image Include="small.ico">
      <Filter>Windows\Resource</Filter>
    </Image>
  </ItemGroup>
  <ItemGroup>
    <ResourceCompile Include="Client.rc">
      <Filter>Windows\Resource</Filter>
    </ResourceCompile>
  </ItemGroup>
  <ItemGroup>
    <ClCompile Include="Client.cpp" />
    <ClCompile Include="vanApplication.cpp">
      <Filter>Engine\High Level Interface</Filter>
    </ClCompile>
    <ClCompile Include="vanInput.cpp">
      <Filter>Engine\Common\Input</Filter>
    </ClCompile>
    <ClCompile Include="vanTime.cpp">
      <Filter>Engine\Common\Time</Filter>
    </ClCompile>
    <ClCompile Include="vanEntity.cpp">
      <Filter>Engine\Entity</Filter>
    </ClCompile>
    <ClCompile Include="vanLayer.cpp">
      <Filter>Engine\Layer</Filter>
    </ClCompile>
    <ClCompile Include="vanScene.cpp">
      <Filter>Engine\Contents\Scene</Filter>
    </ClCompile>
    <ClCompile Include="vanGameObject.cpp">
      <Filter>Engine\Contents\GameObject</Filter>
    </ClCompile>
    <ClCompile Include="vanComponent.cpp">
      <Filter>Engine\Component</Filter>
    </ClCompile>
    <ClCompile Include="vanSpriteRenderer.cpp">
      <Filter>Engine\Component\SpriteRenderer</Filter>
    </ClCompile>
    <ClCompile Include="vanTransform.cpp">
      <Filter>Engine\Component\Transform</Filter>
    </ClCompile>
    <ClCompile Include="vanPlayer.cpp">
      <Filter>Engine\Contents\GameObject\Player</Filter>
    </ClCompile>
    <ClCompile Include="vanTitleScene.cpp">
      <Filter>Engine\Contents\Scene\00_TitleScene</Filter>
    </ClCompile>
    <ClCompile Include="vanSceneManager.cpp">
      <Filter>Engine\Manageres\SceneManager</Filter>
    </ClCompile>
    <ClCompile Include="vanStageScene.cpp">
      <Filter>Engine\Contents\Scene\03_StageScene</Filter>
    </ClCompile>
    <ClCompile Include="vanEndingScene.cpp">
      <Filter>Engine\Contents\Scene\04_EndingScene</Filter>
    </ClCompile>
    <ClCompile Include="vanMonster.cpp">
      <Filter>Engine\Contents\GameObject\Monster</Filter>
    </ClCompile>
    <ClCompile Include="vanText.cpp">
      <Filter>Engine\Text</Filter>
    </ClCompile>
    <ClCompile Include="vanHomeScene.cpp">
      <Filter>Engine\Contents\Scene\02_HomeScene</Filter>
    </ClCompile>
    <ClCompile Include="vanResource.cpp">
      <Filter>Engine\Resource</Filter>
    </ClCompile>
    <ClCompile Include="vanResourceManager.cpp">
      <Filter>Engine\Manageres\ResourceManager</Filter>
    </ClCompile>
    <ClCompile Include="vanTexture.cpp">
      <Filter>Engine\Resource\Texture</Filter>
    </ClCompile>
    <ClCompile Include="vanBackGround.cpp">
      <Filter>Engine\Contents\GameObject\BackGround</Filter>
    </ClCompile>
    <ClCompile Include="vanMath.cpp">
      <Filter>Engine\Common\Math</Filter>
    </ClCompile>
    <ClCompile Include="vanCamera.cpp">
      <Filter>Engine\Camera</Filter>
    </ClCompile>
    <ClCompile Include="vanAnimator.cpp">
      <Filter>Engine\Component\Animator</Filter>
    </ClCompile>
    <ClCompile Include="vanAnimation.cpp">
      <Filter>Engine\Resource\Animation</Filter>
    </ClCompile>
    <ClCompile Include="vanSpearman.cpp">
      <Filter>Engine\Contents\GameObject\Monster\Spearman</Filter>
    </ClCompile>
    <ClCompile Include="vanCarleonRecruit.cpp">
      <Filter>Engine\Contents\GameObject\Monster\CarleonRecruit</Filter>
    </ClCompile>
    <ClCompile Include="vanCollider.cpp">
      <Filter>Engine\Component\Collider</Filter>
    </ClCompile>
    <ClCompile Include="vanCollisionManager.cpp">
      <Filter>Engine\Manageres\CollisionManager</Filter>
    </ClCompile>
    <ClCompile Include="vanNPC.cpp">
      <Filter>Engine\Contents\GameObject\NPC</Filter>
    </ClCompile>
    <ClCompile Include="vanTiedSkul.cpp">
      <Filter>Engine\Contents\GameObject\NPC\TiedSkul</Filter>
    </ClCompile>
    <ClCompile Include="vanRigidBody.cpp">
      <Filter>Engine\Component\RigidBody</Filter>
    </ClCompile>
    <ClCompile Include="vanFloor.cpp">
      <Filter>Engine\Contents\GameObject\Floor</Filter>
    </ClCompile>
    <ClCompile Include="vanLoadingScene.cpp">
      <Filter>Engine\Contents\Scene\01_LoadingScene</Filter>
    </ClCompile>
  </ItemGroup>
</Project>