<?xml version="1.0" encoding="utf-8"?>
<Project ToolsVersion="4.0" xmlns="http://schemas.microsoft.com/developer/msbuild/2003">
  <ItemGroup>
    <Filter Include="Windows">
      <UniqueIdentifier>{c63776bd-09ab-4cbe-bd9a-c8559f4450fe}</UniqueIdentifier>
    </Filter>
    <Filter Include="Windows\Resource">
      <UniqueIdentifier>{fcff4630-6fe6-4d57-b662-9ab16a33463d}</UniqueIdentifier>
    </Filter>
    <Filter Include="Windows\Header">
      <UniqueIdentifier>{853a5dd8-1d77-47e4-b6b2-2dd77b33ae4a}</UniqueIdentifier>
    </Filter>
    <Filter Include="Engine">
      <UniqueIdentifier>{50adf35e-a15c-458c-ae4c-9ee0e881ac6e}</UniqueIdentifier>
    </Filter>
    <Filter Include="Engine\High Level Interface">
      <UniqueIdentifier>{99bad486-19c9-4e72-aa4f-40c2c091e813}</UniqueIdentifier>
    </Filter>
    <Filter Include="Engine\Entity">
      <UniqueIdentifier>{b9a2770a-132a-4117-b4a2-1310a399d7eb}</UniqueIdentifier>
    </Filter>
    <Filter Include="Engine\Layer">
      <UniqueIdentifier>{9c67cf4e-9bec-43e5-9da1-294e2cda3845}</UniqueIdentifier>
    </Filter>
    <Filter Include="Engine\Text">
      <UniqueIdentifier>{de891b89-0b10-4e66-8d20-9efd13aff462}</UniqueIdentifier>
    </Filter>
    <Filter Include="Engine\Resource">
      <UniqueIdentifier>{78c02d0f-66cc-4c89-8dce-a244a9baabeb}</UniqueIdentifier>
    </Filter>
    <Filter Include="Engine\Resource\Texture">
      <UniqueIdentifier>{14819614-8512-4795-8d5f-39f8bc12f3e6}</UniqueIdentifier>
    </Filter>
    <Filter Include="Engine\Camera">
      <UniqueIdentifier>{a11edceb-3486-4a63-9f08-fda430d8cffd}</UniqueIdentifier>
    </Filter>
    <Filter Include="Engine\Resource\Animation">
      <UniqueIdentifier>{eb63946b-f230-4b99-a4fd-0c4451414f26}</UniqueIdentifier>
    </Filter>
    <Filter Include="Engine\Manageres">
      <UniqueIdentifier>{5d18e2d9-fd72-466c-a312-da75e5789e8e}</UniqueIdentifier>
    </Filter>
    <Filter Include="Engine\Manageres\CollisionManager">
      <UniqueIdentifier>{13ed243a-bcb8-44f0-baaa-d2b1d2b84aa5}</UniqueIdentifier>
    </Filter>
    <Filter Include="Engine\Manageres\ResourceManager">
      <UniqueIdentifier>{682e9c55-5a0d-4464-83d1-c399eaaab79b}</UniqueIdentifier>
    </Filter>
    <Filter Include="Engine\Manageres\SceneManager">
      <UniqueIdentifier>{b4630904-e475-451a-9766-922eaa4d9535}</UniqueIdentifier>
    </Filter>
    <Filter Include="Engine\Component">
      <UniqueIdentifier>{1696bf8b-48e0-46ad-be0f-705b9c22f38d}</UniqueIdentifier>
    </Filter>
    <Filter Include="Engine\Component\Transform">
      <UniqueIdentifier>{3d2cee4e-a9f9-40b5-bf8f-c270d63cf846}</UniqueIdentifier>
    </Filter>
    <Filter Include="Engine\Component\SpriteRenderer">
      <UniqueIdentifier>{c40ff288-dfd6-4667-bddf-bf70609e0f8b}</UniqueIdentifier>
    </Filter>
    <Filter Include="Engine\Component\Animator">
      <UniqueIdentifier>{2dcceb9b-5ba6-4e87-864e-2ae73fb3cb2d}</UniqueIdentifier>
    </Filter>
    <Filter Include="Engine\Component\RigidBody">
      <UniqueIdentifier>{07105988-c6b1-48d9-93c8-e77347b9385f}</UniqueIdentifier>
    </Filter>
    <Filter Include="Engine\Component\Collider">
      <UniqueIdentifier>{e45ccba8-abf2-4b08-82dd-a6810098cc2c}</UniqueIdentifier>
    </Filter>
    <Filter Include="Contents">
      <UniqueIdentifier>{7272b3a5-1ac6-44d6-8316-1bd44996c9ed}</UniqueIdentifier>
    </Filter>
    <Filter Include="Contents\GameObject">
      <UniqueIdentifier>{8dfe20e8-6500-4376-9a0f-c3647c241dfd}</UniqueIdentifier>
    </Filter>
    <Filter Include="Contents\GameObject\Player">
      <UniqueIdentifier>{68f78163-9daa-4254-83d8-e072e1982d48}</UniqueIdentifier>
    </Filter>
    <Filter Include="Contents\GameObject\Monster">
      <UniqueIdentifier>{1db6d631-f623-4815-9f94-32cb4e4856a8}</UniqueIdentifier>
    </Filter>
    <Filter Include="Contents\GameObject\Monster\CarleonRecruit">
      <UniqueIdentifier>{61b154b0-1ed0-4502-ad32-34dbfdd91a54}</UniqueIdentifier>
    </Filter>
    <Filter Include="Contents\GameObject\BackGround">
      <UniqueIdentifier>{dea90588-292f-4fa4-ac3e-e3a3d7107f92}</UniqueIdentifier>
    </Filter>
    <Filter Include="Contents\GameObject\NPC">
      <UniqueIdentifier>{a7f9f117-0398-448c-bd6a-19aa3605934e}</UniqueIdentifier>
    </Filter>
    <Filter Include="Contents\GameObject\NPC\TiedSkul">
      <UniqueIdentifier>{a6f4158f-8aa9-44e7-a2fb-48dffa54a379}</UniqueIdentifier>
    </Filter>
    <Filter Include="Contents\GameObject\Floor">
      <UniqueIdentifier>{bab4dd4e-1fdd-4ed0-ace5-6c79b7aee92c}</UniqueIdentifier>
    </Filter>
    <Filter Include="Contents\GameObject\Range">
      <UniqueIdentifier>{83111f78-0987-4cae-94bc-f3270244bb15}</UniqueIdentifier>
    </Filter>
    <Filter Include="Contents\GameObject\Range\PlayerAttack">
      <UniqueIdentifier>{6fae6264-ebd5-4f84-84e5-809f429b9650}</UniqueIdentifier>
    </Filter>
    <Filter Include="Contents\GameObject\Range\MonsterAttack">
      <UniqueIdentifier>{52623c53-dc6e-48cc-8bb2-97e320e1a8b7}</UniqueIdentifier>
    </Filter>
    <Filter Include="Contents\GameObject\Range\MonsterTrace">
      <UniqueIdentifier>{c326fd74-aa3a-4885-8b1d-7d2b9b17b3fe}</UniqueIdentifier>
    </Filter>
    <Filter Include="Contents\GameObject\Door">
      <UniqueIdentifier>{9f53c50c-41c2-4270-b9bc-c0eb4d60a2f9}</UniqueIdentifier>
    </Filter>
    <Filter Include="Contents\Scene">
      <UniqueIdentifier>{fd689c1f-5da2-4915-997c-5e3ac969f98b}</UniqueIdentifier>
    </Filter>
    <Filter Include="Contents\Scene\00_Test_Scene">
      <UniqueIdentifier>{4fd0cc2b-bd6e-4560-9c98-e6ef0a2b4823}</UniqueIdentifier>
    </Filter>
    <Filter Include="Contents\Scene\00_Title_Scene">
      <UniqueIdentifier>{82cc8e68-b8bc-436b-808b-0b19e1d2d56a}</UniqueIdentifier>
    </Filter>
    <Filter Include="Contents\Scene\01_Loading_Scene">
      <UniqueIdentifier>{ea67622b-c8b5-4e4f-92fd-30a44e2008f3}</UniqueIdentifier>
    </Filter>
    <Filter Include="Contents\Scene\02_Home_Scene">
      <UniqueIdentifier>{b731d65a-5447-4f46-bec0-5999dbf09290}</UniqueIdentifier>
    </Filter>
    <Filter Include="Contents\Scene\03_Stage1_Enter_Scene">
      <UniqueIdentifier>{e4a46058-1260-4017-b0bc-52c13c91775f}</UniqueIdentifier>
    </Filter>
    <Filter Include="Contents\Scene\04_Stage1_Monster_Scene">
      <UniqueIdentifier>{8b231028-7b49-4121-a078-939854538acf}</UniqueIdentifier>
    </Filter>
    <Filter Include="Contents\Scene\05_Stage1_Boss_Enter_Scene">
      <UniqueIdentifier>{b4228a39-51b2-4ea6-b90b-fe97d51ce01b}</UniqueIdentifier>
    </Filter>
    <Filter Include="Contents\Scene\06_Stage1_Boss_Scene">
      <UniqueIdentifier>{4592f89e-6bf1-4b28-a8b8-2448158f9f64}</UniqueIdentifier>
    </Filter>
    <Filter Include="Contents\Scene\07_Stage2_Enter_Scene">
      <UniqueIdentifier>{c5ffb54f-e3d2-491a-8607-e4e01ca63f44}</UniqueIdentifier>
    </Filter>
    <Filter Include="Contents\Scene\08_Stage2_Monster_Scene">
      <UniqueIdentifier>{a0722bb1-0235-4c1c-9131-fcf411cca3ca}</UniqueIdentifier>
    </Filter>
    <Filter Include="Contents\Scene\09_Stage2_Boss_Enter_Scene">
      <UniqueIdentifier>{7cb3b461-049e-4d04-b1f3-c78817256325}</UniqueIdentifier>
    </Filter>
    <Filter Include="Contents\Scene\10_Stage2_Boss_Scene">
      <UniqueIdentifier>{74eddf1c-62d1-423d-a488-9577670e8915}</UniqueIdentifier>
    </Filter>
    <Filter Include="Contents\Scene\11_Ending_Scene">
      <UniqueIdentifier>{e76b5cf9-1bf6-425d-a475-1ed461e45f86}</UniqueIdentifier>
    </Filter>
    <Filter Include="Common">
      <UniqueIdentifier>{e27cd02d-1ae3-4b5f-b8cd-23e4856c5cdf}</UniqueIdentifier>
    </Filter>
    <Filter Include="Common\Math">
      <UniqueIdentifier>{39ba33fc-4282-4caf-a93d-c4769c2648ab}</UniqueIdentifier>
    </Filter>
    <Filter Include="Common\Input">
      <UniqueIdentifier>{10406b7b-54b6-489f-8ca1-7630ff4e3868}</UniqueIdentifier>
    </Filter>
    <Filter Include="Common\Time">
      <UniqueIdentifier>{2ae244e4-202b-428f-ae29-873a75c7a43c}</UniqueIdentifier>
    </Filter>
    <Filter Include="Contents\GameObject\NPC\Witch">
      <UniqueIdentifier>{f8121bdb-33ba-4efc-ab49-4ebe2c71744b}</UniqueIdentifier>
    </Filter>
    <Filter Include="Contents\GameObject\NPC\DeathKnight">
      <UniqueIdentifier>{fd90aa1c-e6f8-4f65-b30b-86f1926953b6}</UniqueIdentifier>
    </Filter>
    <Filter Include="Contents\GameObject\NPC\Druid">
      <UniqueIdentifier>{a4cdf1ea-fb2f-41f7-9d44-43697e5fa59e}</UniqueIdentifier>
    </Filter>
    <Filter Include="Contents\GameObject\NPC\FoxHunter">
      <UniqueIdentifier>{9c462649-bd9b-4bd6-8118-4d94de30342e}</UniqueIdentifier>
    </Filter>
    <Filter Include="Contents\GameObject\NPC\Orge">
      <UniqueIdentifier>{2078aa5d-8e16-414f-aae2-2aa2dae590f6}</UniqueIdentifier>
    </Filter>
    <Filter Include="Contents\GameObject\Wall">
      <UniqueIdentifier>{2da670f6-0731-4eb3-9553-058325b8fcd1}</UniqueIdentifier>
    </Filter>
    <Filter Include="Contents\GameObject\Monster\Stage1Trap">
      <UniqueIdentifier>{40dc929c-164b-45be-bf79-5a62fe891d44}</UniqueIdentifier>
    </Filter>
    <Filter Include="Contents\GameObject\NPC\Cat_Seol">
      <UniqueIdentifier>{43ab314a-b4e9-4590-b4d5-680d93e7c3cf}</UniqueIdentifier>
    </Filter>
  </ItemGroup>
  <ItemGroup>
    <ClInclude Include="Client.h">
      <Filter>Windows\Header</Filter>
    </ClInclude>
    <ClInclude Include="framework.h">
      <Filter>Windows\Header</Filter>
    </ClInclude>
    <ClInclude Include="Resource.h">
      <Filter>Windows\Header</Filter>
    </ClInclude>
    <ClInclude Include="targetver.h">
      <Filter>Windows\Header</Filter>
    </ClInclude>
    <ClInclude Include="CommonInclude.h">
      <Filter>Common</Filter>
    </ClInclude>
    <ClInclude Include="vanApplication.h">
      <Filter>Engine\High Level Interface</Filter>
    </ClInclude>
    <ClInclude Include="vanInput.h">
      <Filter>Common\Input</Filter>
    </ClInclude>
    <ClInclude Include="vanTime.h">
      <Filter>Common\Time</Filter>
    </ClInclude>
    <ClInclude Include="vanEntity.h">
      <Filter>Engine\Entity</Filter>
    </ClInclude>
    <ClInclude Include="vanLayer.h">
      <Filter>Engine\Layer</Filter>
    </ClInclude>
    <ClInclude Include="vanScene.h">
      <Filter>Contents\Scene</Filter>
    </ClInclude>
    <ClInclude Include="vanGameObject.h">
      <Filter>Contents\GameObject</Filter>
    </ClInclude>
    <ClInclude Include="vanComponent.h">
      <Filter>Engine\Component</Filter>
    </ClInclude>
    <ClInclude Include="vanSpriteRenderer.h">
      <Filter>Engine\Component\SpriteRenderer</Filter>
    </ClInclude>
    <ClInclude Include="vanTransform.h">
      <Filter>Engine\Component\Transform</Filter>
    </ClInclude>
    <ClInclude Include="vanPlayer.h">
      <Filter>Contents\GameObject\Player</Filter>
    </ClInclude>
    <ClInclude Include="vanTitleScene.h">
      <Filter>Contents\Scene\00_Title_Scene</Filter>
    </ClInclude>
    <ClInclude Include="vanObject.h">
      <Filter>Common</Filter>
    </ClInclude>
    <ClInclude Include="vanSceneManager.h">
      <Filter>Engine\Manageres\SceneManager</Filter>
    </ClInclude>
    <ClInclude Include="vanTestScene.h">
      <Filter>Contents\Scene\00_Test_Scene</Filter>
    </ClInclude>
    <ClInclude Include="vanStage1BossScene.h">
      <Filter>Contents\Scene\06_Stage1_Boss_Scene</Filter>
    </ClInclude>
    <ClInclude Include="vanMonster.h">
      <Filter>Contents\GameObject\Monster</Filter>
    </ClInclude>
    <ClInclude Include="vanText.h">
      <Filter>Engine\Text</Filter>
    </ClInclude>
    <ClInclude Include="vanResource.h">
      <Filter>Engine\Resource</Filter>
    </ClInclude>
    <ClInclude Include="vanResourceManager.h">
      <Filter>Engine\Manageres\ResourceManager</Filter>
    </ClInclude>
    <ClInclude Include="vanTexture.h">
      <Filter>Engine\Resource\Texture</Filter>
    </ClInclude>
    <ClInclude Include="vanBackGround.h">
      <Filter>Contents\GameObject\BackGround</Filter>
    </ClInclude>
    <ClInclude Include="vanMath.h">
      <Filter>Common\Math</Filter>
    </ClInclude>
    <ClInclude Include="vanCamera.h">
      <Filter>Engine\Camera</Filter>
    </ClInclude>
    <ClInclude Include="vanAnimator.h">
      <Filter>Engine\Component\Animator</Filter>
    </ClInclude>
    <ClInclude Include="vanAnimation.h">
      <Filter>Engine\Resource\Animation</Filter>
    </ClInclude>
    <ClInclude Include="vanCarleonRecruit.h">
      <Filter>Contents\GameObject\Monster\CarleonRecruit</Filter>
    </ClInclude>
    <ClInclude Include="vanCollider.h">
      <Filter>Engine\Component\Collider</Filter>
    </ClInclude>
    <ClInclude Include="vanCollisionManager.h">
      <Filter>Engine\Manageres\CollisionManager</Filter>
    </ClInclude>
    <ClInclude Include="vanNPC.h">
      <Filter>Contents\GameObject\NPC</Filter>
    </ClInclude>
    <ClInclude Include="vanTiedSkul.h">
      <Filter>Contents\GameObject\NPC\TiedSkul</Filter>
    </ClInclude>
    <ClInclude Include="vanRigidBody.h">
      <Filter>Engine\Component\RigidBody</Filter>
    </ClInclude>
    <ClInclude Include="vanFloor.h">
      <Filter>Contents\GameObject\Floor</Filter>
    </ClInclude>
    <ClInclude Include="vanLoadingScene.h">
      <Filter>Contents\Scene\01_Loading_Scene</Filter>
    </ClInclude>
    <ClInclude Include="vanRange.h">
      <Filter>Contents\GameObject\Range</Filter>
    </ClInclude>
    <ClInclude Include="vanPlayerAttack.h">
      <Filter>Contents\GameObject\Range\PlayerAttack</Filter>
    </ClInclude>
    <ClInclude Include="vanMonsterTrace.h">
      <Filter>Contents\GameObject\Range\MonsterTrace</Filter>
    </ClInclude>
    <ClInclude Include="vanMonsterAttack.h">
      <Filter>Contents\GameObject\Range\MonsterAttack</Filter>
    </ClInclude>
    <ClInclude Include="vanStage1EnterScene.h">
      <Filter>Contents\Scene\03_Stage1_Enter_Scene</Filter>
    </ClInclude>
    <ClInclude Include="vanHomeScene.h">
      <Filter>Contents\Scene\02_Home_Scene</Filter>
    </ClInclude>
    <ClInclude Include="vanStage1Scene.h">
      <Filter>Contents\Scene\04_Stage1_Monster_Scene</Filter>
    </ClInclude>
    <ClInclude Include="vanStage1BossEnterScene.h">
      <Filter>Contents\Scene\05_Stage1_Boss_Enter_Scene</Filter>
    </ClInclude>
    <ClInclude Include="vanStage2EnterScene.h">
      <Filter>Contents\Scene\07_Stage2_Enter_Scene</Filter>
    </ClInclude>
    <ClInclude Include="vanEndingScene.h">
      <Filter>Contents\Scene\11_Ending_Scene</Filter>
    </ClInclude>
    <ClInclude Include="vanStage2Scene.h">
      <Filter>Contents\Scene\08_Stage2_Monster_Scene</Filter>
    </ClInclude>
    <ClInclude Include="vanStage2BossEnterScene.h">
      <Filter>Contents\Scene\09_Stage2_Boss_Enter_Scene</Filter>
    </ClInclude>
    <ClInclude Include="vanStage2BossScene.h">
      <Filter>Contents\Scene\10_Stage2_Boss_Scene</Filter>
    </ClInclude>
    <ClInclude Include="vanDoor.h">
      <Filter>Contents\GameObject\Door</Filter>
    </ClInclude>
    <ClInclude Include="vanWitch.h">
      <Filter>Contents\GameObject\NPC\Witch</Filter>
    </ClInclude>
    <ClInclude Include="vanDeathKnight.h">
      <Filter>Contents\GameObject\NPC\DeathKnight</Filter>
    </ClInclude>
    <ClInclude Include="vanDruid.h">
      <Filter>Contents\GameObject\NPC\Druid</Filter>
    </ClInclude>
    <ClInclude Include="vanFoxHunter.h">
      <Filter>Contents\GameObject\NPC\FoxHunter</Filter>
    </ClInclude>
    <ClInclude Include="vanOrge.h">
      <Filter>Contents\GameObject\NPC\Orge</Filter>
    </ClInclude>
    <ClInclude Include="vanWall.h">
      <Filter>Contents\GameObject\Wall</Filter>
    </ClInclude>
    <ClInclude Include="vanStage1Trap.h">
      <Filter>Contents\GameObject\Monster\Stage1Trap</Filter>
    </ClInclude>
    <ClInclude Include="vanCatSeol.h">
      <Filter>Contents\GameObject\NPC\Cat_Seol</Filter>
    </ClInclude>
  </ItemGroup>
  <ItemGroup>
    <Image Include="Client.ico">
      <Filter>Windows\Resource</Filter>
    </Image>
    <Image Include="small.ico">
      <Filter>Windows\Resource</Filter>
    </Image>
  </ItemGroup>
  <ItemGroup>
    <ResourceCompile Include="Client.rc">
      <Filter>Windows\Resource</Filter>
    </ResourceCompile>
  </ItemGroup>
  <ItemGroup>
    <ClCompile Include="Client.cpp" />
    <ClCompile Include="vanApplication.cpp">
      <Filter>Engine\High Level Interface</Filter>
    </ClCompile>
    <ClCompile Include="vanInput.cpp">
      <Filter>Common\Input</Filter>
    </ClCompile>
    <ClCompile Include="vanTime.cpp">
      <Filter>Common\Time</Filter>
    </ClCompile>
    <ClCompile Include="vanEntity.cpp">
      <Filter>Engine\Entity</Filter>
    </ClCompile>
    <ClCompile Include="vanLayer.cpp">
      <Filter>Engine\Layer</Filter>
    </ClCompile>
    <ClCompile Include="vanScene.cpp">
      <Filter>Contents\Scene</Filter>
    </ClCompile>
    <ClCompile Include="vanGameObject.cpp">
      <Filter>Contents\GameObject</Filter>
    </ClCompile>
    <ClCompile Include="vanComponent.cpp">
      <Filter>Engine\Component</Filter>
    </ClCompile>
    <ClCompile Include="vanSpriteRenderer.cpp">
      <Filter>Engine\Component\SpriteRenderer</Filter>
    </ClCompile>
    <ClCompile Include="vanTransform.cpp">
      <Filter>Engine\Component\Transform</Filter>
    </ClCompile>
    <ClCompile Include="vanPlayer.cpp">
      <Filter>Contents\GameObject\Player</Filter>
    </ClCompile>
    <ClCompile Include="vanTitleScene.cpp">
      <Filter>Contents\Scene\00_Title_Scene</Filter>
    </ClCompile>
    <ClCompile Include="vanSceneManager.cpp">
      <Filter>Engine\Manageres\SceneManager</Filter>
    </ClCompile>
    <ClCompile Include="vanTestScene.cpp">
      <Filter>Contents\Scene\00_Test_Scene</Filter>
    </ClCompile>
    <ClCompile Include="vanStage1BossScene.cpp">
      <Filter>Contents\Scene\06_Stage1_Boss_Scene</Filter>
    </ClCompile>
    <ClCompile Include="vanMonster.cpp">
      <Filter>Contents\GameObject\Monster</Filter>
    </ClCompile>
    <ClCompile Include="vanText.cpp">
      <Filter>Engine\Text</Filter>
    </ClCompile>
    <ClCompile Include="vanResource.cpp">
      <Filter>Engine\Resource</Filter>
    </ClCompile>
    <ClCompile Include="vanResourceManager.cpp">
      <Filter>Engine\Manageres\ResourceManager</Filter>
    </ClCompile>
    <ClCompile Include="vanTexture.cpp">
      <Filter>Engine\Resource\Texture</Filter>
    </ClCompile>
    <ClCompile Include="vanBackGround.cpp">
      <Filter>Contents\GameObject\BackGround</Filter>
    </ClCompile>
    <ClCompile Include="vanMath.cpp">
      <Filter>Common\Math</Filter>
    </ClCompile>
    <ClCompile Include="vanCamera.cpp">
      <Filter>Engine\Camera</Filter>
    </ClCompile>
    <ClCompile Include="vanAnimator.cpp">
      <Filter>Engine\Component\Animator</Filter>
    </ClCompile>
    <ClCompile Include="vanAnimation.cpp">
      <Filter>Engine\Resource\Animation</Filter>
    </ClCompile>
    <ClCompile Include="vanCarleonRecruit.cpp">
      <Filter>Contents\GameObject\Monster\CarleonRecruit</Filter>
    </ClCompile>
    <ClCompile Include="vanCollider.cpp">
      <Filter>Engine\Component\Collider</Filter>
    </ClCompile>
    <ClCompile Include="vanCollisionManager.cpp">
      <Filter>Engine\Manageres\CollisionManager</Filter>
    </ClCompile>
    <ClCompile Include="vanNPC.cpp">
      <Filter>Contents\GameObject\NPC</Filter>
    </ClCompile>
    <ClCompile Include="vanTiedSkul.cpp">
      <Filter>Contents\GameObject\NPC\TiedSkul</Filter>
    </ClCompile>
    <ClCompile Include="vanRigidBody.cpp">
      <Filter>Engine\Component\RigidBody</Filter>
    </ClCompile>
    <ClCompile Include="vanFloor.cpp">
      <Filter>Contents\GameObject\Floor</Filter>
    </ClCompile>
    <ClCompile Include="vanLoadingScene.cpp">
      <Filter>Contents\Scene\01_Loading_Scene</Filter>
    </ClCompile>
    <ClCompile Include="vanRange.cpp">
      <Filter>Contents\GameObject\Range</Filter>
    </ClCompile>
    <ClCompile Include="vanPlayerAttack.cpp">
      <Filter>Contents\GameObject\Range\PlayerAttack</Filter>
    </ClCompile>
    <ClCompile Include="vanMonsterTrace.cpp">
      <Filter>Contents\GameObject\Range\MonsterTrace</Filter>
    </ClCompile>
    <ClCompile Include="vanMonsterAttack.cpp">
      <Filter>Contents\GameObject\Range\MonsterAttack</Filter>
    </ClCompile>
    <ClCompile Include="vanStage1EnterScene.cpp">
      <Filter>Contents\Scene\03_Stage1_Enter_Scene</Filter>
    </ClCompile>
    <ClCompile Include="vanHomeScene.cpp">
      <Filter>Contents\Scene\02_Home_Scene</Filter>
    </ClCompile>
    <ClCompile Include="vanStage1Scene.cpp">
      <Filter>Contents\Scene\04_Stage1_Monster_Scene</Filter>
    </ClCompile>
    <ClCompile Include="vanStage1BossEnterScene.cpp">
      <Filter>Contents\Scene\05_Stage1_Boss_Enter_Scene</Filter>
    </ClCompile>
    <ClCompile Include="vanStage2EnterScene.cpp">
      <Filter>Contents\Scene\07_Stage2_Enter_Scene</Filter>
    </ClCompile>
    <ClCompile Include="vanEndingScene.cpp">
      <Filter>Contents\Scene\11_Ending_Scene</Filter>
    </ClCompile>
    <ClCompile Include="vanStage2Scene.cpp">
      <Filter>Contents\Scene\08_Stage2_Monster_Scene</Filter>
    </ClCompile>
    <ClCompile Include="vanStage2BossEnterScene.cpp">
      <Filter>Contents\Scene\09_Stage2_Boss_Enter_Scene</Filter>
    </ClCompile>
    <ClCompile Include="vanStage2BossScene.cpp">
      <Filter>Contents\Scene\10_Stage2_Boss_Scene</Filter>
    </ClCompile>
    <ClCompile Include="vanDoor.cpp">
      <Filter>Contents\GameObject\Door</Filter>
    </ClCompile>
    <ClCompile Include="vanWitch.cpp">
      <Filter>Contents\GameObject\NPC\Witch</Filter>
    </ClCompile>
    <ClCompile Include="vanDeathKnight.cpp">
      <Filter>Contents\GameObject\NPC\DeathKnight</Filter>
    </ClCompile>
    <ClCompile Include="vanDruid.cpp">
      <Filter>Contents\GameObject\NPC\Druid</Filter>
    </ClCompile>
    <ClCompile Include="vanFoxHunter.cpp">
      <Filter>Contents\GameObject\NPC\FoxHunter</Filter>
    </ClCompile>
    <ClCompile Include="vanOrge.cpp">
      <Filter>Contents\GameObject\NPC\Orge</Filter>
    </ClCompile>
    <ClCompile Include="vanWall.cpp">
      <Filter>Contents\GameObject\Wall</Filter>
    </ClCompile>
    <ClCompile Include="vanStage1Trap.cpp">
      <Filter>Contents\GameObject\Monster\Stage1Trap</Filter>
    </ClCompile>
    <ClCompile Include="vanCatSeol.cpp">
      <Filter>Contents\GameObject\NPC\Cat_Seol</Filter>
    </ClCompile>
  </ItemGroup>
</Project>